
Microsoft Visual Studio Solution File, Format Version 12.00
# Visual Studio 2012
VisualStudioVersion = 12.0.31101.0
MinimumVisualStudioVersion = 10.0.40219.1
Project("{f2a71f9b-5d33-465a-a702-920d77279786}") = "CoffeeApp.Droid", "CoffeeApp.Droid\CoffeeApp.Droid.fsproj", "{4751791D-D34C-4832-A235-281DACC4F2A6}"
EndProject
Project("{f2a71f9b-5d33-465a-a702-920d77279786}") = "CoffeeApp.Core.Win", "CoffeeApp.Core.Win\CoffeeApp.Core.Win.fsproj", "{22A8B4F0-2966-4E69-A764-B92313E48430}"
EndProject
Project("{2150E333-8FDC-42A3-9474-1A3956D46DE8}") = "CoffeeApp.Win", "CoffeeApp.Win", "{D9D88DCC-F93D-49FA-BD02-23ED5C94BC5B}"
EndProject
Project("{D954291E-2A0B-460D-934E-DC6B0785DB48}") = "CoffeeApp.Win.Shared", "CoffeeApp.Win\CoffeeApp.Win.Shared\CoffeeApp.Win.Shared.shproj", "{2AD3D593-9356-4AC4-A67C-26CCC9225D61}"
EndProject
Project("{FAE04EC0-301F-11D3-BF4B-00C04F79EFBC}") = "CoffeeApp.Win.Windows", "CoffeeApp.Win\CoffeeApp.Win.Windows\CoffeeApp.Win.Windows.csproj", "{29D85332-E7BA-4EC9-80E6-CC32128FE910}"
EndProject
Project("{FAE04EC0-301F-11D3-BF4B-00C04F79EFBC}") = "CoffeeApp.Win.WindowsPhone", "CoffeeApp.Win\CoffeeApp.Win.WindowsPhone\CoffeeApp.Win.WindowsPhone.csproj", "{981D9116-067B-4E1F-A4C2-2FF62F43A052}"
EndProject
Project("{f2a71f9b-5d33-465a-a702-920d77279786}") = "CoffeeApp.Core.Droid", "CoffeeApp.Core.Droid\CoffeeApp.Core.Droid.fsproj", "{4615FC78-904B-4EC6-B431-DF0FDBD19F7A}"
EndProject
Global
	GlobalSection(SolutionConfigurationPlatforms) = preSolution
		Debug|Any CPU = Debug|Any CPU
		Debug|ARM = Debug|ARM
		Debug|x64 = Debug|x64
		Debug|x86 = Debug|x86
		Release|Any CPU = Release|Any CPU
		Release|ARM = Release|ARM
		Release|x64 = Release|x64
		Release|x86 = Release|x86
	EndGlobalSection
	GlobalSection(ProjectConfigurationPlatforms) = postSolution
		{22A8B4F0-2966-4E69-A764-B92313E48430}.Debug|Any CPU.ActiveCfg = Debug|Any CPU
		{22A8B4F0-2966-4E69-A764-B92313E48430}.Debug|Any CPU.Build.0 = Debug|Any CPU
		{22A8B4F0-2966-4E69-A764-B92313E48430}.Debug|ARM.ActiveCfg = Debug|Any CPU
		{22A8B4F0-2966-4E69-A764-B92313E48430}.Debug|x64.ActiveCfg = Debug|Any CPU
		{22A8B4F0-2966-4E69-A764-B92313E48430}.Debug|x86.ActiveCfg = Debug|Any CPU
		{22A8B4F0-2966-4E69-A764-B92313E48430}.Release|Any CPU.ActiveCfg = Release|Any CPU
		{22A8B4F0-2966-4E69-A764-B92313E48430}.Release|Any CPU.Build.0 = Release|Any CPU
		{22A8B4F0-2966-4E69-A764-B92313E48430}.Release|ARM.ActiveCfg = Release|Any CPU
		{22A8B4F0-2966-4E69-A764-B92313E48430}.Release|x64.ActiveCfg = Release|Any CPU
		{22A8B4F0-2966-4E69-A764-B92313E48430}.Release|x86.ActiveCfg = Release|Any CPU
		{29D85332-E7BA-4EC9-80E6-CC32128FE910}.Debug|Any CPU.ActiveCfg = Debug|Any CPU
		{29D85332-E7BA-4EC9-80E6-CC32128FE910}.Debug|Any CPU.Build.0 = Debug|Any CPU
		{29D85332-E7BA-4EC9-80E6-CC32128FE910}.Debug|Any CPU.Deploy.0 = Debug|Any CPU
		{29D85332-E7BA-4EC9-80E6-CC32128FE910}.Debug|ARM.ActiveCfg = Debug|ARM
		{29D85332-E7BA-4EC9-80E6-CC32128FE910}.Debug|ARM.Build.0 = Debug|ARM
		{29D85332-E7BA-4EC9-80E6-CC32128FE910}.Debug|ARM.Deploy.0 = Debug|ARM
		{29D85332-E7BA-4EC9-80E6-CC32128FE910}.Debug|x64.ActiveCfg = Debug|x64
		{29D85332-E7BA-4EC9-80E6-CC32128FE910}.Debug|x64.Build.0 = Debug|x64
		{29D85332-E7BA-4EC9-80E6-CC32128FE910}.Debug|x64.Deploy.0 = Debug|x64
		{29D85332-E7BA-4EC9-80E6-CC32128FE910}.Debug|x86.ActiveCfg = Debug|x86
		{29D85332-E7BA-4EC9-80E6-CC32128FE910}.Debug|x86.Build.0 = Debug|x86
		{29D85332-E7BA-4EC9-80E6-CC32128FE910}.Debug|x86.Deploy.0 = Debug|x86
		{29D85332-E7BA-4EC9-80E6-CC32128FE910}.Release|Any CPU.ActiveCfg = Release|Any CPU
		{29D85332-E7BA-4EC9-80E6-CC32128FE910}.Release|Any CPU.Build.0 = Release|Any CPU
		{29D85332-E7BA-4EC9-80E6-CC32128FE910}.Release|Any CPU.Deploy.0 = Release|Any CPU
		{29D85332-E7BA-4EC9-80E6-CC32128FE910}.Release|ARM.ActiveCfg = Release|ARM
		{29D85332-E7BA-4EC9-80E6-CC32128FE910}.Release|ARM.Build.0 = Release|ARM
		{29D85332-E7BA-4EC9-80E6-CC32128FE910}.Release|ARM.Deploy.0 = Release|ARM
		{29D85332-E7BA-4EC9-80E6-CC32128FE910}.Release|x64.ActiveCfg = Release|x64
		{29D85332-E7BA-4EC9-80E6-CC32128FE910}.Release|x64.Build.0 = Release|x64
		{29D85332-E7BA-4EC9-80E6-CC32128FE910}.Release|x64.Deploy.0 = Release|x64
		{29D85332-E7BA-4EC9-80E6-CC32128FE910}.Release|x86.ActiveCfg = Release|x86
		{29D85332-E7BA-4EC9-80E6-CC32128FE910}.Release|x86.Build.0 = Release|x86
		{29D85332-E7BA-4EC9-80E6-CC32128FE910}.Release|x86.Deploy.0 = Release|x86
		{4615FC78-904B-4EC6-B431-DF0FDBD19F7A}.Debug|Any CPU.ActiveCfg = Debug|Any CPU
		{4615FC78-904B-4EC6-B431-DF0FDBD19F7A}.Debug|Any CPU.Build.0 = Debug|Any CPU
		{4615FC78-904B-4EC6-B431-DF0FDBD19F7A}.Debug|ARM.ActiveCfg = Debug|Any CPU
		{4615FC78-904B-4EC6-B431-DF0FDBD19F7A}.Debug|ARM.Build.0 = Debug|Any CPU
		{4615FC78-904B-4EC6-B431-DF0FDBD19F7A}.Debug|x64.ActiveCfg = Debug|Any CPU
		{4615FC78-904B-4EC6-B431-DF0FDBD19F7A}.Debug|x64.Build.0 = Debug|Any CPU
		{4615FC78-904B-4EC6-B431-DF0FDBD19F7A}.Debug|x86.ActiveCfg = Debug|Any CPU
		{4615FC78-904B-4EC6-B431-DF0FDBD19F7A}.Debug|x86.Build.0 = Debug|Any CPU
		{4615FC78-904B-4EC6-B431-DF0FDBD19F7A}.Release|Any CPU.ActiveCfg = Release|Any CPU
		{4615FC78-904B-4EC6-B431-DF0FDBD19F7A}.Release|Any CPU.Build.0 = Release|Any CPU
		{4615FC78-904B-4EC6-B431-DF0FDBD19F7A}.Release|ARM.ActiveCfg = Release|Any CPU
		{4615FC78-904B-4EC6-B431-DF0FDBD19F7A}.Release|ARM.Build.0 = Release|Any CPU
		{4615FC78-904B-4EC6-B431-DF0FDBD19F7A}.Release|x64.ActiveCfg = Release|Any CPU
		{4615FC78-904B-4EC6-B431-DF0FDBD19F7A}.Release|x64.Build.0 = Release|Any CPU
		{4615FC78-904B-4EC6-B431-DF0FDBD19F7A}.Release|x86.ActiveCfg = Release|Any CPU
		{4615FC78-904B-4EC6-B431-DF0FDBD19F7A}.Release|x86.Build.0 = Release|Any CPU
		{4751791D-D34C-4832-A235-281DACC4F2A6}.Debug|Any CPU.ActiveCfg = Debug|Any CPU
		{4751791D-D34C-4832-A235-281DACC4F2A6}.Debug|Any CPU.Build.0 = Debug|Any CPU
		{4751791D-D34C-4832-A235-281DACC4F2A6}.Debug|ARM.ActiveCfg = Debug|Any CPU
		{4751791D-D34C-4832-A235-281DACC4F2A6}.Debug|x64.ActiveCfg = Debug|Any CPU
		{4751791D-D34C-4832-A235-281DACC4F2A6}.Debug|x86.ActiveCfg = Debug|Any CPU
		{4751791D-D34C-4832-A235-281DACC4F2A6}.Release|Any CPU.ActiveCfg = Release|Any CPU
		{4751791D-D34C-4832-A235-281DACC4F2A6}.Release|Any CPU.Build.0 = Release|Any CPU
		{4751791D-D34C-4832-A235-281DACC4F2A6}.Release|ARM.ActiveCfg = Release|Any CPU
		{4751791D-D34C-4832-A235-281DACC4F2A6}.Release|x64.ActiveCfg = Release|Any CPU
		{4751791D-D34C-4832-A235-281DACC4F2A6}.Release|x86.ActiveCfg = Release|Any CPU
		{981D9116-067B-4E1F-A4C2-2FF62F43A052}.Debug|Any CPU.ActiveCfg = Debug|Any CPU
		{981D9116-067B-4E1F-A4C2-2FF62F43A052}.Debug|Any CPU.Build.0 = Debug|Any CPU
		{981D9116-067B-4E1F-A4C2-2FF62F43A052}.Debug|Any CPU.Deploy.0 = Debug|Any CPU
		{981D9116-067B-4E1F-A4C2-2FF62F43A052}.Debug|ARM.ActiveCfg = Debug|ARM
		{981D9116-067B-4E1F-A4C2-2FF62F43A052}.Debug|ARM.Build.0 = Debug|ARM
		{981D9116-067B-4E1F-A4C2-2FF62F43A052}.Debug|ARM.Deploy.0 = Debug|ARM
		{981D9116-067B-4E1F-A4C2-2FF62F43A052}.Debug|x64.ActiveCfg = Debug|Any CPU
		{981D9116-067B-4E1F-A4C2-2FF62F43A052}.Debug|x86.ActiveCfg = Debug|x86
		{981D9116-067B-4E1F-A4C2-2FF62F43A052}.Debug|x86.Build.0 = Debug|x86
		{981D9116-067B-4E1F-A4C2-2FF62F43A052}.Debug|x86.Deploy.0 = Debug|x86
		{981D9116-067B-4E1F-A4C2-2FF62F43A052}.Release|Any CPU.ActiveCfg = Release|Any CPU
		{981D9116-067B-4E1F-A4C2-2FF62F43A052}.Release|Any CPU.Build.0 = Release|Any CPU
		{981D9116-067B-4E1F-A4C2-2FF62F43A052}.Release|Any CPU.Deploy.0 = Release|Any CPU
		{981D9116-067B-4E1F-A4C2-2FF62F43A052}.Release|ARM.ActiveCfg = Release|ARM
		{981D9116-067B-4E1F-A4C2-2FF62F43A052}.Release|ARM.Build.0 = Release|ARM
		{981D9116-067B-4E1F-A4C2-2FF62F43A052}.Release|ARM.Deploy.0 = Release|ARM
		{981D9116-067B-4E1F-A4C2-2FF62F43A052}.Release|x64.ActiveCfg = Release|Any CPU
		{981D9116-067B-4E1F-A4C2-2FF62F43A052}.Release|x86.ActiveCfg = Release|x86
		{981D9116-067B-4E1F-A4C2-2FF62F43A052}.Release|x86.Build.0 = Release|x86
		{981D9116-067B-4E1F-A4C2-2FF62F43A052}.Release|x86.Deploy.0 = Release|x86
	EndGlobalSection
	GlobalSection(NestedProjects) = preSolution
		{2AD3D593-9356-4AC4-A67C-26CCC9225D61} = {D9D88DCC-F93D-49FA-BD02-23ED5C94BC5B}
		{29D85332-E7BA-4EC9-80E6-CC32128FE910} = {D9D88DCC-F93D-49FA-BD02-23ED5C94BC5B}
		{981D9116-067B-4E1F-A4C2-2FF62F43A052} = {D9D88DCC-F93D-49FA-BD02-23ED5C94BC5B}
	EndGlobalSection
	GlobalSection(SharedMSBuildProjectFiles) = preSolution
		CoffeeApp.Win\CoffeeApp.Win.Shared\CoffeeApp.Win.Shared.projitems*{2ad3d593-9356-4ac4-a67c-26ccc9225d61}*SharedItemsImports = 13
		CoffeeApp.Win\CoffeeApp.Win.Shared\CoffeeApp.Win.Shared.projitems*{981d9116-067b-4e1f-a4c2-2ff62f43a052}*SharedItemsImports = 4
		CoffeeApp.Win\CoffeeApp.Win.Shared\CoffeeApp.Win.Shared.projitems*{29d85332-e7ba-4ec9-80e6-cc32128fe910}*SharedItemsImports = 4
	EndGlobalSection
	GlobalSection(SolutionProperties) = preSolution
		HideSolutionNode = FALSE
	EndGlobalSection
EndGlobal
